# This file is automatically @generated by Poetry 1.6.1 and should not be changed by hand.

[[package]]
name = "decorator"
version = "5.1.1"
description = "Decorators for Humans"
optional = false
python-versions = ">=3.5"
files = [
    {file = "decorator-5.1.1-py3-none-any.whl", hash = "sha256:b8c3f85900b9dc423225913c5aace94729fe1fa9763b38939a95226f02d37186"},
    {file = "decorator-5.1.1.tar.gz", hash = "sha256:637996211036b6385ef91435e4fae22989472f9d571faba8927ba8253acbc330"},
]

[metadata]
lock-version = "2.0"
python-versions = "^3.12"
content-hash = "89cb2371dbdaa78a1141d824f105f060ed228b21dfd6b6220e8ff39a179f9b53"
