# This file is automatically @generated by Poetry 1.6.1 and should not be changed by hand.

[[package]]
name = "decorator"
version = "5.1.0"
description = "Decorators for Humans"
optional = false
python-versions = ">=3.5"
files = [
    {file = "decorator-5.1.0-py3-none-any.whl", hash = "sha256:7b12e7c3c6ab203a29e157335e9122cb03de9ab7264b137594103fd4a683b374"},
    {file = "decorator-5.1.0.tar.gz", hash = "sha256:e59913af105b9860aa2c8d3272d9de5a56a4e608db9a2f167a8480b323d529a7"},
]

[metadata]
lock-version = "2.0"
python-versions = "^3.12"
content-hash = "2bee0741a987a3c0af3b778b1825754f41bf8180a6fecd717ecb5f8de1487dad"
